
Microsoft Visual Studio Solution File, Format Version 12.00
# Visual Studio Version 16
VisualStudioVersion = 16.0.29920.165
MinimumVisualStudioVersion = 10.0.40219.1
Project("{FAE04EC0-301F-11D3-BF4B-00C04F79EFBC}") = "UnRegisterBCEvent", "UnRegisterBCEvent.csproj", "{0F92A2C5-8A03-4BB4-984D-59B65E56FE04}"
EndProject
Global
	GlobalSection(SolutionConfigurationPlatforms) = preSolution
		Debug|Any CPU = Debug|Any CPU
		Release|Any CPU = Release|Any CPU
	EndGlobalSection
	GlobalSection(ProjectConfigurationPlatforms) = postSolution
		{0F92A2C5-8A03-4BB4-984D-59B65E56FE04}.Debug|Any CPU.ActiveCfg = Debug|Any CPU
		{0F92A2C5-8A03-4BB4-984D-59B65E56FE04}.Debug|Any CPU.Build.0 = Debug|Any CPU
		{0F92A2C5-8A03-4BB4-984D-59B65E56FE04}.Release|Any CPU.ActiveCfg = Release|Any CPU
		{0F92A2C5-8A03-4BB4-984D-59B65E56FE04}.Release|Any CPU.Build.0 = Release|Any CPU
	EndGlobalSection
	GlobalSection(SolutionProperties) = preSolution
		HideSolutionNode = FALSE
	EndGlobalSection
	GlobalSection(ExtensibilityGlobals) = postSolution
		SolutionGuid = {356ACF9F-46F5-4E9B-B139-1CB106E4569C}
	EndGlobalSection
EndGlobal
